{
  "name": "spotify-track-info",
  "version": "1.0.0",
  "lockfileVersion": 1,
  "requires": true,
  "dependencies": {
    "applescript": {
      "version": "1.0.0",
      "resolved": "https://registry.npmjs.org/applescript/-/applescript-1.0.0.tgz",
      "integrity": "sha1-u4evVoytA0pOSMS9r2Bno6JwExc="
    },
    "spotify-node-applescript": {
      "version": "1.1.0",
      "resolved": "https://registry.npmjs.org/spotify-node-applescript/-/spotify-node-applescript-1.1.0.tgz",
      "integrity": "sha1-br5tGmYYh8f7t3gY8eiRD4BgTyE=",
      "requires": {
        "applescript": "1.0.0"
      }
    }
  }
}
